
Microsoft Visual Studio Solution File, Format Version 12.00
# Visual Studio 15
VisualStudioVersion = 15.0.27428.2015
MinimumVisualStudioVersion = 10.0.40219.1
Project("{FAE04EC0-301F-11D3-BF4B-00C04F79EFBC}") = "Neutrino", "Neutrino\Neutrino.csproj", "{AC52A0B8-5F6E-4B40-B0FA-6D384CDBC57C}"
EndProject
Global
	GlobalSection(SolutionConfigurationPlatforms) = preSolution
		Debug|ARM = Debug|ARM
		Debug|x64 = Debug|x64
		Debug|x86 = Debug|x86
		Release|ARM = Release|ARM
		Release|x64 = Release|x64
		Release|x86 = Release|x86
	EndGlobalSection
	GlobalSection(ProjectConfigurationPlatforms) = postSolution
		{AC52A0B8-5F6E-4B40-B0FA-6D384CDBC57C}.Debug|ARM.ActiveCfg = Debug|ARM
		{AC52A0B8-5F6E-4B40-B0FA-6D384CDBC57C}.Debug|ARM.Build.0 = Debug|ARM
		{AC52A0B8-5F6E-4B40-B0FA-6D384CDBC57C}.Debug|ARM.Deploy.0 = Debug|ARM
		{AC52A0B8-5F6E-4B40-B0FA-6D384CDBC57C}.Debug|x64.ActiveCfg = Debug|x64
		{AC52A0B8-5F6E-4B40-B0FA-6D384CDBC57C}.Debug|x64.Build.0 = Debug|x64
		{AC52A0B8-5F6E-4B40-B0FA-6D384CDBC57C}.Debug|x64.Deploy.0 = Debug|x64
		{AC52A0B8-5F6E-4B40-B0FA-6D384CDBC57C}.Debug|x86.ActiveCfg = Debug|x86
		{AC52A0B8-5F6E-4B40-B0FA-6D384CDBC57C}.Debug|x86.Build.0 = Debug|x86
		{AC52A0B8-5F6E-4B40-B0FA-6D384CDBC57C}.Debug|x86.Deploy.0 = Debug|x86
		{AC52A0B8-5F6E-4B40-B0FA-6D384CDBC57C}.Release|ARM.ActiveCfg = Release|ARM
		{AC52A0B8-5F6E-4B40-B0FA-6D384CDBC57C}.Release|ARM.Build.0 = Release|ARM
		{AC52A0B8-5F6E-4B40-B0FA-6D384CDBC57C}.Release|ARM.Deploy.0 = Release|ARM
		{AC52A0B8-5F6E-4B40-B0FA-6D384CDBC57C}.Release|x64.ActiveCfg = Release|x64
		{AC52A0B8-5F6E-4B40-B0FA-6D384CDBC57C}.Release|x64.Build.0 = Release|x64
		{AC52A0B8-5F6E-4B40-B0FA-6D384CDBC57C}.Release|x64.Deploy.0 = Release|x64
		{AC52A0B8-5F6E-4B40-B0FA-6D384CDBC57C}.Release|x86.ActiveCfg = Release|x86
		{AC52A0B8-5F6E-4B40-B0FA-6D384CDBC57C}.Release|x86.Build.0 = Release|x86
		{AC52A0B8-5F6E-4B40-B0FA-6D384CDBC57C}.Release|x86.Deploy.0 = Release|x86
	EndGlobalSection
	GlobalSection(SolutionProperties) = preSolution
		HideSolutionNode = FALSE
	EndGlobalSection
	GlobalSection(ExtensibilityGlobals) = postSolution
		SolutionGuid = {3B59A2D1-1C95-4358-A473-538D9A66495D}
	EndGlobalSection
EndGlobal
